
Microsoft Visual Studio Solution File, Format Version 12.00
# Visual Studio Version 17
VisualStudioVersion = 17.3.32825.248
MinimumVisualStudioVersion = 10.0.40219.1
Project("{FAE04EC0-301F-11D3-BF4B-00C04F79EFBC}") = "Conductor", "Conductor\Conductor.csproj", "{4AEBDEFC-DD5F-4D6E-8F20-2472120B97A8}"
EndProject
Global
	GlobalSection(SolutionConfigurationPlatforms) = preSolution
		Debug|Any CPU = Debug|Any CPU
		Release|Any CPU = Release|Any CPU
	EndGlobalSection
	GlobalSection(ProjectConfigurationPlatforms) = postSolution
		{4AEBDEFC-DD5F-4D6E-8F20-2472120B97A8}.Debug|Any CPU.ActiveCfg = Debug|Any CPU
		{4AEBDEFC-DD5F-4D6E-8F20-2472120B97A8}.Debug|Any CPU.Build.0 = Debug|Any CPU
		{4AEBDEFC-DD5F-4D6E-8F20-2472120B97A8}.Release|Any CPU.ActiveCfg = Release|Any CPU
		{4AEBDEFC-DD5F-4D6E-8F20-2472120B97A8}.Release|Any CPU.Build.0 = Release|Any CPU
	EndGlobalSection
	GlobalSection(SolutionProperties) = preSolution
		HideSolutionNode = FALSE
	EndGlobalSection
	GlobalSection(ExtensibilityGlobals) = postSolution
		SolutionGuid = {DDF63C0D-2E88-4A8D-ABD6-20E6EE14B64B}
	EndGlobalSection
EndGlobal
